
Microsoft Visual Studio Solution File, Format Version 12.00
# Visual Studio Version 16
VisualStudioVersion = 25.0.1700.0
MinimumVisualStudioVersion = 10.0.40219.1
Project("{FAE04EC0-301F-11D3-BF4B-00C04F79EFBC}") = "MultipleInterface", "MultipleInterface.csproj", "{E1710E6E-5498-46F4-BAB8-A6E84AD016FE}"
EndProject
Global
	GlobalSection(SolutionConfigurationPlatforms) = preSolution
		Debug|Any CPU = Debug|Any CPU
		Release|Any CPU = Release|Any CPU
	EndGlobalSection
	GlobalSection(ProjectConfigurationPlatforms) = postSolution
		{E1710E6E-5498-46F4-BAB8-A6E84AD016FE}.Debug|Any CPU.ActiveCfg = Debug|Any CPU
		{E1710E6E-5498-46F4-BAB8-A6E84AD016FE}.Debug|Any CPU.Build.0 = Debug|Any CPU
		{E1710E6E-5498-46F4-BAB8-A6E84AD016FE}.Release|Any CPU.ActiveCfg = Release|Any CPU
		{E1710E6E-5498-46F4-BAB8-A6E84AD016FE}.Release|Any CPU.Build.0 = Release|Any CPU
	EndGlobalSection
	GlobalSection(SolutionProperties) = preSolution
		HideSolutionNode = FALSE
	EndGlobalSection
	GlobalSection(ExtensibilityGlobals) = postSolution
		SolutionGuid = {0BCB5D86-18EE-4C67-9506-E72FC7F15205}
	EndGlobalSection
EndGlobal
